
Microsoft Visual Studio Solution File, Format Version 12.00
# Visual Studio 2012
Project("{FAE04EC0-301F-11D3-BF4B-00C04F79EFBC}") = "PrefPlayground", "PrefPlayground\PrefPlayground.csproj", "{66BE1EC1-17F4-4035-9C56-5F5025CD17BB}"
EndProject
Global
	GlobalSection(SolutionConfigurationPlatforms) = preSolution
		Debug|Any CPU = Debug|Any CPU
		Release|Any CPU = Release|Any CPU
	EndGlobalSection
	GlobalSection(ProjectConfigurationPlatforms) = postSolution
		{66BE1EC1-17F4-4035-9C56-5F5025CD17BB}.Debug|Any CPU.ActiveCfg = Debug|Any CPU
		{66BE1EC1-17F4-4035-9C56-5F5025CD17BB}.Debug|Any CPU.Build.0 = Debug|Any CPU
		{66BE1EC1-17F4-4035-9C56-5F5025CD17BB}.Release|Any CPU.ActiveCfg = Release|Any CPU
		{66BE1EC1-17F4-4035-9C56-5F5025CD17BB}.Release|Any CPU.Build.0 = Release|Any CPU
	EndGlobalSection
	GlobalSection(SolutionProperties) = preSolution
		HideSolutionNode = FALSE
	EndGlobalSection
EndGlobal
